
Microsoft Visual Studio Solution File, Format Version 12.00
# Visual Studio Version 17
VisualStudioVersion = 17.0.32112.339
MinimumVisualStudioVersion = 10.0.40219.1
Project("{9A19103F-16F7-4668-BE54-9A1E7A4F7556}") = "Demo", "Demo\Demo.csproj", "{D46A8FF5-DFFD-46FD-AEBC-5D7EC2D929A0}"
EndProject
Project("{FAE04EC0-301F-11D3-BF4B-00C04F79EFBC}") = "T01. The Imitation Game", "T01. The Imitation Game\T01. The Imitation Game.csproj", "{3DAAC4CE-3B1A-4C49-B897-E5A52AEB4C57}"
EndProject
Project("{FAE04EC0-301F-11D3-BF4B-00C04F79EFBC}") = "T02. Ad Astra", "T02. Ad Astra\T02. Ad Astra.csproj", "{3FB7A7C7-3FB1-4B45-A328-09CC309860CA}"
EndProject
Project("{FAE04EC0-301F-11D3-BF4B-00C04F79EFBC}") = "T03. The Pianist", "T03. The Pianist\T03. The Pianist.csproj", "{1A1BA7C2-0C21-46B7-A08B-F8D846B23EFB}"
EndProject
Project("{FAE04EC0-301F-11D3-BF4B-00C04F79EFBC}") = "T02. Destination Mapper", "T02. Destination Mapper\T02. Destination Mapper.csproj", "{64CFE50C-9B10-4141-BB7A-3F49CADD29FE}"
EndProject
Project("{FAE04EC0-301F-11D3-BF4B-00C04F79EFBC}") = "T01. World Tour", "T01. World Tour\T01. World Tour.csproj", "{DB1BD5D1-A752-4F6C-9042-60DD15EC27B5}"
EndProject
Global
	GlobalSection(SolutionConfigurationPlatforms) = preSolution
		Debug|Any CPU = Debug|Any CPU
		Release|Any CPU = Release|Any CPU
	EndGlobalSection
	GlobalSection(ProjectConfigurationPlatforms) = postSolution
		{D46A8FF5-DFFD-46FD-AEBC-5D7EC2D929A0}.Debug|Any CPU.ActiveCfg = Debug|Any CPU
		{D46A8FF5-DFFD-46FD-AEBC-5D7EC2D929A0}.Debug|Any CPU.Build.0 = Debug|Any CPU
		{D46A8FF5-DFFD-46FD-AEBC-5D7EC2D929A0}.Release|Any CPU.ActiveCfg = Release|Any CPU
		{D46A8FF5-DFFD-46FD-AEBC-5D7EC2D929A0}.Release|Any CPU.Build.0 = Release|Any CPU
		{3DAAC4CE-3B1A-4C49-B897-E5A52AEB4C57}.Debug|Any CPU.ActiveCfg = Debug|Any CPU
		{3DAAC4CE-3B1A-4C49-B897-E5A52AEB4C57}.Debug|Any CPU.Build.0 = Debug|Any CPU
		{3DAAC4CE-3B1A-4C49-B897-E5A52AEB4C57}.Release|Any CPU.ActiveCfg = Release|Any CPU
		{3DAAC4CE-3B1A-4C49-B897-E5A52AEB4C57}.Release|Any CPU.Build.0 = Release|Any CPU
		{3FB7A7C7-3FB1-4B45-A328-09CC309860CA}.Debug|Any CPU.ActiveCfg = Debug|Any CPU
		{3FB7A7C7-3FB1-4B45-A328-09CC309860CA}.Debug|Any CPU.Build.0 = Debug|Any CPU
		{3FB7A7C7-3FB1-4B45-A328-09CC309860CA}.Release|Any CPU.ActiveCfg = Release|Any CPU
		{3FB7A7C7-3FB1-4B45-A328-09CC309860CA}.Release|Any CPU.Build.0 = Release|Any CPU
		{1A1BA7C2-0C21-46B7-A08B-F8D846B23EFB}.Debug|Any CPU.ActiveCfg = Debug|Any CPU
		{1A1BA7C2-0C21-46B7-A08B-F8D846B23EFB}.Debug|Any CPU.Build.0 = Debug|Any CPU
		{1A1BA7C2-0C21-46B7-A08B-F8D846B23EFB}.Release|Any CPU.ActiveCfg = Release|Any CPU
		{1A1BA7C2-0C21-46B7-A08B-F8D846B23EFB}.Release|Any CPU.Build.0 = Release|Any CPU
		{64CFE50C-9B10-4141-BB7A-3F49CADD29FE}.Debug|Any CPU.ActiveCfg = Debug|Any CPU
		{64CFE50C-9B10-4141-BB7A-3F49CADD29FE}.Debug|Any CPU.Build.0 = Debug|Any CPU
		{64CFE50C-9B10-4141-BB7A-3F49CADD29FE}.Release|Any CPU.ActiveCfg = Release|Any CPU
		{64CFE50C-9B10-4141-BB7A-3F49CADD29FE}.Release|Any CPU.Build.0 = Release|Any CPU
		{DB1BD5D1-A752-4F6C-9042-60DD15EC27B5}.Debug|Any CPU.ActiveCfg = Debug|Any CPU
		{DB1BD5D1-A752-4F6C-9042-60DD15EC27B5}.Debug|Any CPU.Build.0 = Debug|Any CPU
		{DB1BD5D1-A752-4F6C-9042-60DD15EC27B5}.Release|Any CPU.ActiveCfg = Release|Any CPU
		{DB1BD5D1-A752-4F6C-9042-60DD15EC27B5}.Release|Any CPU.Build.0 = Release|Any CPU
	EndGlobalSection
	GlobalSection(SolutionProperties) = preSolution
		HideSolutionNode = FALSE
	EndGlobalSection
	GlobalSection(ExtensibilityGlobals) = postSolution
		SolutionGuid = {7E288C16-419F-4D22-B0BB-37DCC6EC4212}
	EndGlobalSection
EndGlobal
